// !$*UTF8*$!
{
	archiveVersion = 1;
	classes = {
	};
	objectVersion = 46;
	objects = {

/* Begin PBXBuildFile section */
		9C449D621CCD17B900ED8A3E /* SaveRouteViewController.swift in Sources */ = {isa = PBXBuildFile; fileRef = 9C449D611CCD17B900ED8A3E /* SaveRouteViewController.swift */; };
		9C449D641CCD1FEE00ED8A3E /* Ruta.swift in Sources */ = {isa = PBXBuildFile; fileRef = 9C449D631CCD1FEE00ED8A3E /* Ruta.swift */; };
		9C449D661CCD28B100ED8A3E /* WebViewViewController.swift in Sources */ = {isa = PBXBuildFile; fileRef = 9C449D651CCD28B100ED8A3E /* WebViewViewController.swift */; };
		9C54B1601CCB8CC000AF011C /* AppDelegate.swift in Sources */ = {isa = PBXBuildFile; fileRef = 9C54B15F1CCB8CC000AF011C /* AppDelegate.swift */; };
		9C54B1621CCB8CC000AF011C /* MenuViewController.swift in Sources */ = {isa = PBXBuildFile; fileRef = 9C54B1611CCB8CC000AF011C /* MenuViewController.swift */; };
		9C54B1651CCB8CC000AF011C /* Main.storyboard in Resources */ = {isa = PBXBuildFile; fileRef = 9C54B1631CCB8CC000AF011C /* Main.storyboard */; };
		9C54B1671CCB8CC000AF011C /* Assets.xcassets in Resources */ = {isa = PBXBuildFile; fileRef = 9C54B1661CCB8CC000AF011C /* Assets.xcassets */; };
		9C54B16A1CCB8CC000AF011C /* LaunchScreen.storyboard in Resources */ = {isa = PBXBuildFile; fileRef = 9C54B1681CCB8CC000AF011C /* LaunchScreen.storyboard */; };
		9C54B1731CCB910100AF011C /* RutaViewController.swift in Sources */ = {isa = PBXBuildFile; fileRef = 9C54B1721CCB910100AF011C /* RutaViewController.swift */; };
		9C54B1761CCB912B00AF011C /* BackgroundView.swift in Sources */ = {isa = PBXBuildFile; fileRef = 9C54B1751CCB912B00AF011C /* BackgroundView.swift */; };
		9C54B1781CCB976D00AF011C /* PtoInteresViewController.swift in Sources */ = {isa = PBXBuildFile; fileRef = 9C54B1771CCB976D00AF011C /* PtoInteresViewController.swift */; };
		9C54B17B1CCB9C5E00AF011C /* PtoInteres.swift in Sources */ = {isa = PBXBuildFile; fileRef = 9C54B17A1CCB9C5E00AF011C /* PtoInteres.swift */; };
		9CD643CC1CCD2B2700D09392 /* QRViewController.swift in Sources */ = {isa = PBXBuildFile; fileRef = 9CD643CB1CCD2B2700D09392 /* QRViewController.swift */; };
		9CD643CE1CCD30C900D09392 /* QRNavigationController.swift in Sources */ = {isa = PBXBuildFile; fileRef = 9CD643CD1CCD30C900D09392 /* QRNavigationController.swift */; };
/* End PBXBuildFile section */

/* Begin PBXFileReference section */
		9C449D611CCD17B900ED8A3E /* SaveRouteViewController.swift */ = {isa = PBXFileReference; fileEncoding = 4; lastKnownFileType = sourcecode.swift; path = SaveRouteViewController.swift; sourceTree = "<group>"; };
		9C449D631CCD1FEE00ED8A3E /* Ruta.swift */ = {isa = PBXFileReference; fileEncoding = 4; lastKnownFileType = sourcecode.swift; path = Ruta.swift; sourceTree = "<group>"; };
		9C449D651CCD28B100ED8A3E /* WebViewViewController.swift */ = {isa = PBXFileReference; fileEncoding = 4; lastKnownFileType = sourcecode.swift; path = WebViewViewController.swift; sourceTree = "<group>"; };
		9C54B15C1CCB8CC000AF011C /* ProyectoFinalCoursera.app */ = {isa = PBXFileReference; explicitFileType = wrapper.application; includeInIndex = 0; path = ProyectoFinalCoursera.app; sourceTree = BUILT_PRODUCTS_DIR; };
		9C54B15F1CCB8CC000AF011C /* AppDelegate.swift */ = {isa = PBXFileReference; lastKnownFileType = sourcecode.swift; path = AppDelegate.swift; sourceTree = "<group>"; };
		9C54B1611CCB8CC000AF011C /* MenuViewController.swift */ = {isa = PBXFileReference; lastKnownFileType = sourcecode.swift; path = MenuViewController.swift; sourceTree = "<group>"; };
		9C54B1641CCB8CC000AF011C /* Base */ = {isa = PBXFileReference; lastKnownFileType = file.storyboard; name = Base; path = Base.lproj/Main.storyboard; sourceTree = "<group>"; };
		9C54B1661CCB8CC000AF011C /* Assets.xcassets */ = {isa = PBXFileReference; lastKnownFileType = folder.assetcatalog; path = Assets.xcassets; sourceTree = "<group>"; };
		9C54B1691CCB8CC000AF011C /* Base */ = {isa = PBXFileReference; lastKnownFileType = file.storyboard; name = Base; path = Base.lproj/LaunchScreen.storyboard; sourceTree = "<group>"; };
		9C54B16B1CCB8CC000AF011C /* Info.plist */ = {isa = PBXFileReference; lastKnownFileType = text.plist.xml; path = Info.plist; sourceTree = "<group>"; };
		9C54B1721CCB910100AF011C /* RutaViewController.swift */ = {isa = PBXFileReference; fileEncoding = 4; lastKnownFileType = sourcecode.swift; path = RutaViewController.swift; sourceTree = "<group>"; };
		9C54B1751CCB912B00AF011C /* BackgroundView.swift */ = {isa = PBXFileReference; fileEncoding = 4; lastKnownFileType = sourcecode.swift; path = BackgroundView.swift; sourceTree = "<group>"; };
		9C54B1771CCB976D00AF011C /* PtoInteresViewController.swift */ = {isa = PBXFileReference; fileEncoding = 4; lastKnownFileType = sourcecode.swift; path = PtoInteresViewController.swift; sourceTree = "<group>"; };
		9C54B17A1CCB9C5E00AF011C /* PtoInteres.swift */ = {isa = PBXFileReference; fileEncoding = 4; lastKnownFileType = sourcecode.swift; path = PtoInteres.swift; sourceTree = "<group>"; };
		9CD643CB1CCD2B2700D09392 /* QRViewController.swift */ = {isa = PBXFileReference; fileEncoding = 4; lastKnownFileType = sourcecode.swift; path = QRViewController.swift; sourceTree = "<group>"; };
		9CD643CD1CCD30C900D09392 /* QRNavigationController.swift */ = {isa = PBXFileReference; fileEncoding = 4; lastKnownFileType = sourcecode.swift; path = QRNavigationController.swift; sourceTree = "<group>"; };
/* End PBXFileReference section */

/* Begin PBXFrameworksBuildPhase section */
		9C54B1591CCB8CC000AF011C /* Frameworks */ = {
			isa = PBXFrameworksBuildPhase;
			buildActionMask = 2147483647;
			files = (
			);
			runOnlyForDeploymentPostprocessing = 0;
		};
/* End PBXFrameworksBuildPhase section */

/* Begin PBXGroup section */
		9C54B1531CCB8CC000AF011C = {
			isa = PBXGroup;
			children = (
				9C54B15E1CCB8CC000AF011C /* ProyectoFinalCoursera */,
				9C54B15D1CCB8CC000AF011C /* Products */,
			);
			sourceTree = "<group>";
		};
		9C54B15D1CCB8CC000AF011C /* Products */ = {
			isa = PBXGroup;
			children = (
				9C54B15C1CCB8CC000AF011C /* ProyectoFinalCoursera.app */,
			);
			name = Products;
			sourceTree = "<group>";
		};
		9C54B15E1CCB8CC000AF011C /* ProyectoFinalCoursera */ = {
			isa = PBXGroup;
			children = (
				9C54B1791CCB9C4600AF011C /* Modelo */,
				9C54B1741CCB910B00AF011C /* View */,
				9C54B1711CCB90BE00AF011C /* Controller */,
				9C54B15F1CCB8CC000AF011C /* AppDelegate.swift */,
				9C54B1631CCB8CC000AF011C /* Main.storyboard */,
				9C54B1661CCB8CC000AF011C /* Assets.xcassets */,
				9C54B1681CCB8CC000AF011C /* LaunchScreen.storyboard */,
				9C54B16B1CCB8CC000AF011C /* Info.plist */,
			);
			path = ProyectoFinalCoursera;
			sourceTree = "<group>";
		};
		9C54B1711CCB90BE00AF011C /* Controller */ = {
			isa = PBXGroup;
			children = (
				9C54B1721CCB910100AF011C /* RutaViewController.swift */,
				9C54B1771CCB976D00AF011C /* PtoInteresViewController.swift */,
				9C449D611CCD17B900ED8A3E /* SaveRouteViewController.swift */,
				9C449D651CCD28B100ED8A3E /* WebViewViewController.swift */,
				9CD643CB1CCD2B2700D09392 /* QRViewController.swift */,
				9CD643CD1CCD30C900D09392 /* QRNavigationController.swift */,
			);
			name = Controller;
			sourceTree = "<group>";
		};
		9C54B1741CCB910B00AF011C /* View */ = {
			isa = PBXGroup;
			children = (
				9C54B1751CCB912B00AF011C /* BackgroundView.swift */,
			);
			name = View;
			sourceTree = "<group>";
		};
		9C54B1791CCB9C4600AF011C /* Modelo */ = {
			isa = PBXGroup;
			children = (
				9C54B1611CCB8CC000AF011C /* MenuViewController.swift */,
				9C54B17A1CCB9C5E00AF011C /* PtoInteres.swift */,
				9C449D631CCD1FEE00ED8A3E /* Ruta.swift */,
			);
			name = Modelo;
			sourceTree = "<group>";
		};
/* End PBXGroup section */

/* Begin PBXNativeTarget section */
		9C54B15B1CCB8CC000AF011C /* ProyectoFinalCoursera */ = {
			isa = PBXNativeTarget;
			buildConfigurationList = 9C54B16E1CCB8CC000AF011C /* Build configuration list for PBXNativeTarget "ProyectoFinalCoursera" */;
			buildPhases = (
				9C54B1581CCB8CC000AF011C /* Sources */,
				9C54B1591CCB8CC000AF011C /* Frameworks */,
				9C54B15A1CCB8CC000AF011C /* Resources */,
			);
			buildRules = (
			);
			dependencies = (
			);
			name = ProyectoFinalCoursera;
			productName = ProyectoFinalCoursera;
			productReference = 9C54B15C1CCB8CC000AF011C /* ProyectoFinalCoursera.app */;
			productType = "com.apple.product-type.application";
		};
/* End PBXNativeTarget section */

/* Begin PBXProject section */
		9C54B1541CCB8CC000AF011C /* Project object */ = {
			isa = PBXProject;
			attributes = {
				LastSwiftUpdateCheck = 0730;
				LastUpgradeCheck = 0730;
				ORGANIZATIONNAME = personal;
				TargetAttributes = {
					9C54B15B1CCB8CC000AF011C = {
						CreatedOnToolsVersion = 7.3;
						DevelopmentTeam = YH9NMWWMRD;
					};
				};
			};
			buildConfigurationList = 9C54B1571CCB8CC000AF011C /* Build configuration list for PBXProject "ProyectoFinalCoursera" */;
			compatibilityVersion = "Xcode 3.2";
			developmentRegion = English;
			hasScannedForEncodings = 0;
			knownRegions = (
				en,
				Base,
			);
			mainGroup = 9C54B1531CCB8CC000AF011C;
			productRefGroup = 9C54B15D1CCB8CC000AF011C /* Products */;
			projectDirPath = "";
			projectRoot = "";
			targets = (
				9C54B15B1CCB8CC000AF011C /* ProyectoFinalCoursera */,
			);
		};
/* End PBXProject section */

/* Begin PBXResourcesBuildPhase section */
		9C54B15A1CCB8CC000AF011C /* Resources */ = {
			isa = PBXResourcesBuildPhase;
			buildActionMask = 2147483647;
			files = (
				9C54B16A1CCB8CC000AF011C /* LaunchScreen.storyboard in Resources */,
				9C54B1671CCB8CC000AF011C /* Assets.xcassets in Resources */,
				9C54B1651CCB8CC000AF011C /* Main.storyboard in Resources */,
			);
			runOnlyForDeploymentPostprocessing = 0;
		};
/* End PBXResourcesBuildPhase section */

/* Begin PBXSourcesBuildPhase section */
		9C54B1581CCB8CC000AF011C /* Sources */ = {
			isa = PBXSourcesBuildPhase;
			buildActionMask = 2147483647;
			files = (
				9C449D621CCD17B900ED8A3E /* SaveRouteViewController.swift in Sources */,
				9CD643CC1CCD2B2700D09392 /* QRViewController.swift in Sources */,
				9C449D641CCD1FEE00ED8A3E /* Ruta.swift in Sources */,
				9C54B1781CCB976D00AF011C /* PtoInteresViewController.swift in Sources */,
				9C54B1621CCB8CC000AF011C /* MenuViewController.swift in Sources */,
				9C54B17B1CCB9C5E00AF011C /* PtoInteres.swift in Sources */,
				9C54B1601CCB8CC000AF011C /* AppDelegate.swift in Sources */,
				9C54B1761CCB912B00AF011C /* BackgroundView.swift in Sources */,
				9C449D661CCD28B100ED8A3E /* WebViewViewController.swift in Sources */,
				9C54B1731CCB910100AF011C /* RutaViewController.swift in Sources */,
				9CD643CE1CCD30C900D09392 /* QRNavigationController.swift in Sources */,
			);
			runOnlyForDeploymentPostprocessing = 0;
		};
/* End PBXSourcesBuildPhase section */

/* Begin PBXVariantGroup section */
		9C54B1631CCB8CC000AF011C /* Main.storyboard */ = {
			isa = PBXVariantGroup;
			children = (
				9C54B1641CCB8CC000AF011C /* Base */,
			);
			name = Main.storyboard;
			sourceTree = "<group>";
		};
		9C54B1681CCB8CC000AF011C /* LaunchScreen.storyboard */ = {
			isa = PBXVariantGroup;
			children = (
				9C54B1691CCB8CC000AF011C /* Base */,
			);
			name = LaunchScreen.storyboard;
			sourceTree = "<group>";
		};
/* End PBXVariantGroup section */

/* Begin XCBuildConfiguration section */
		9C54B16C1CCB8CC000AF011C /* Debug */ = {
			isa = XCBuildConfiguration;
			buildSettings = {
				ALWAYS_SEARCH_USER_PATHS = NO;
				CLANG_ANALYZER_NONNULL = YES;
				CLANG_CXX_LANGUAGE_STANDARD = "gnu++0x";
				CLANG_CXX_LIBRARY = "libc++";
				CLANG_ENABLE_MODULES = YES;
				CLANG_ENABLE_OBJC_ARC = YES;
				CLANG_WARN_BOOL_CONVERSION = YES;
				CLANG_WARN_CONSTANT_CONVERSION = YES;
				CLANG_WARN_DIRECT_OBJC_ISA_USAGE = YES_ERROR;
				CLANG_WARN_EMPTY_BODY = YES;
				CLANG_WARN_ENUM_CONVERSION = YES;
				CLANG_WARN_INT_CONVERSION = YES;
				CLANG_WARN_OBJC_ROOT_CLASS = YES_ERROR;
				CLANG_WARN_UNREACHABLE_CODE = YES;
				CLANG_WARN__DUPLICATE_METHOD_MATCH = YES;
				"CODE_SIGN_IDENTITY[sdk=iphoneos*]" = "iPhone Developer";
				COPY_PHASE_STRIP = NO;
				DEBUG_INFORMATION_FORMAT = dwarf;
				ENABLE_STRICT_OBJC_MSGSEND = YES;
				ENABLE_TESTABILITY = YES;
				GCC_C_LANGUAGE_STANDARD = gnu99;
				GCC_DYNAMIC_NO_PIC = NO;
				GCC_NO_COMMON_BLOCKS = YES;
				GCC_OPTIMIZATION_LEVEL = 0;
				GCC_PREPROCESSOR_DEFINITIONS = (
					"DEBUG=1",
					"$(inherited)",
				);
				GCC_WARN_64_TO_32_BIT_CONVERSION = YES;
				GCC_WARN_ABOUT_RETURN_TYPE = YES_ERROR;
				GCC_WARN_UNDECLARED_SELECTOR = YES;
				GCC_WARN_UNINITIALIZED_AUTOS = YES_AGGRESSIVE;
				GCC_WARN_UNUSED_FUNCTION = YES;
				GCC_WARN_UNUSED_VARIABLE = YES;
				IPHONEOS_DEPLOYMENT_TARGET = 9.3;
				MTL_ENABLE_DEBUG_INFO = YES;
				ONLY_ACTIVE_ARCH = YES;
				SDKROOT = iphoneos;
				SWIFT_OPTIMIZATION_LEVEL = "-Onone";
			};
			name = Debug;
		};
		9C54B16D1CCB8CC000AF011C /* Release */ = {
			isa = XCBuildConfiguration;
			buildSettings = {
				ALWAYS_SEARCH_USER_PATHS = NO;
				CLANG_ANALYZER_NONNULL = YES;
				CLANG_CXX_LANGUAGE_STANDARD = "gnu++0x";
				CLANG_CXX_LIBRARY = "libc++";
				CLANG_ENABLE_MODULES = YES;
				CLANG_ENABLE_OBJC_ARC = YES;
				CLANG_WARN_BOOL_CONVERSION = YES;
				CLANG_WARN_CONSTANT_CONVERSION = YES;
				CLANG_WARN_DIRECT_OBJC_ISA_USAGE = YES_ERROR;
				CLANG_WARN_EMPTY_BODY = YES;
				CLANG_WARN_ENUM_CONVERSION = YES;
				CLANG_WARN_INT_CONVERSION = YES;
				CLANG_WARN_OBJC_ROOT_CLASS = YES_ERROR;
				CLANG_WARN_UNREACHABLE_CODE = YES;
				CLANG_WARN__DUPLICATE_METHOD_MATCH = YES;
				"CODE_SIGN_IDENTITY[sdk=iphoneos*]" = "iPhone Developer";
				COPY_PHASE_STRIP = NO;
				DEBUG_INFORMATION_FORMAT = "dwarf-with-dsym";
				ENABLE_NS_ASSERTIONS = NO;
				ENABLE_STRICT_OBJC_MSGSEND = YES;
				GCC_C_LANGUAGE_STANDARD = gnu99;
				GCC_NO_COMMON_BLOCKS = YES;
				GCC_WARN_64_TO_32_BIT_CONVERSION = YES;
				GCC_WARN_ABOUT_RETURN_TYPE = YES_ERROR;
				GCC_WARN_UNDECLARED_SELECTOR = YES;
				GCC_WARN_UNINITIALIZED_AUTOS = YES_AGGRESSIVE;
				GCC_WARN_UNUSED_FUNCTION = YES;
				GCC_WARN_UNUSED_VARIABLE = YES;
				IPHONEOS_DEPLOYMENT_TARGET = 9.3;
				MTL_ENABLE_DEBUG_INFO = NO;
				SDKROOT = iphoneos;
				VALIDATE_PRODUCT = YES;
			};
			name = Release;
		};
		9C54B16F1CCB8CC000AF011C /* Debug */ = {
			isa = XCBuildConfiguration;
			buildSettings = {
				ASSETCATALOG_COMPILER_APPICON_NAME = AppIcon;
				CODE_SIGN_IDENTITY = "iPhone Developer";
				"CODE_SIGN_IDENTITY[sdk=iphoneos*]" = "iPhone Developer";
				INFOPLIST_FILE = ProyectoFinalCoursera/Info.plist;
				LD_RUNPATH_SEARCH_PATHS = "$(inherited) @executable_path/Frameworks";
				PRODUCT_BUNDLE_IDENTIFIER = josmanperez.ProyectoFinalCoursera;
				PRODUCT_NAME = "$(TARGET_NAME)";
				PROVISIONING_PROFILE = "";
			};
			name = Debug;
		};
		9C54B1701CCB8CC000AF011C /* Release */ = {
			isa = XCBuildConfiguration;
			buildSettings = {
				ASSETCATALOG_COMPILER_APPICON_NAME = AppIcon;
				CODE_SIGN_IDENTITY = "iPhone Developer";
				"CODE_SIGN_IDENTITY[sdk=iphoneos*]" = "iPhone Developer";
				INFOPLIST_FILE = ProyectoFinalCoursera/Info.plist;
				LD_RUNPATH_SEARCH_PATHS = "$(inherited) @executable_path/Frameworks";
				PRODUCT_BUNDLE_IDENTIFIER = josmanperez.ProyectoFinalCoursera;
				PRODUCT_NAME = "$(TARGET_NAME)";
				PROVISIONING_PROFILE = "";
			};
			name = Release;
		};
/* End XCBuildConfiguration section */

/* Begin XCConfigurationList section */
		9C54B1571CCB8CC000AF011C /* Build configuration list for PBXProject "ProyectoFinalCoursera" */ = {
			isa = XCConfigurationList;
			buildConfigurations = (
				9C54B16C1CCB8CC000AF011C /* Debug */,
				9C54B16D1CCB8CC000AF011C /* Release */,
			);
			defaultConfigurationIsVisible = 0;
			defaultConfigurationName = Release;
		};
		9C54B16E1CCB8CC000AF011C /* Build configuration list for PBXNativeTarget "ProyectoFinalCoursera" */ = {
			isa = XCConfigurationList;
			buildConfigurations = (
				9C54B16F1CCB8CC000AF011C /* Debug */,
				9C54B1701CCB8CC000AF011C /* Release */,
			);
			defaultConfigurationIsVisible = 0;
			defaultConfigurationName = Release;
		};
/* End XCConfigurationList section */
	};
	rootObject = 9C54B1541CCB8CC000AF011C /* Project object */;
}
